
Microsoft Visual Studio Solution File, Format Version 12.00
# Visual Studio Version 16
VisualStudioVersion = 16.0.30517.126
MinimumVisualStudioVersion = 10.0.40219.1
Project("{FAE04EC0-301F-11D3-BF4B-00C04F79EFBC}") = "ForLoopsAndStrings", "ForLoopsAndStrings\ForLoopsAndStrings.csproj", "{EF92611C-763D-432A-8FDC-559C39C6B680}"
EndProject
Project("{FAE04EC0-301F-11D3-BF4B-00C04F79EFBC}") = "Strings", "Strings\Strings.csproj", "{5A5A0D3E-1D5F-41C8-B60E-6E4CF72F5CE6}"
EndProject
Project("{FAE04EC0-301F-11D3-BF4B-00C04F79EFBC}") = "StringsExercise", "StringsExercise\StringsExercise.csproj", "{4F8769A5-ADFD-4DC0-9994-EB58B1ED59A5}"
EndProject
Project("{FAE04EC0-301F-11D3-BF4B-00C04F79EFBC}") = "StringAndForLoop", "StringAndForLoop\StringAndForLoop.csproj", "{643CE985-CBCE-4401-82D3-B203BD52A175}"
EndProject
Project("{FAE04EC0-301F-11D3-BF4B-00C04F79EFBC}") = "CompareStrings", "CompareStrings\CompareStrings.csproj", "{CA11DD6F-1AA4-4A59-992F-2D5BA368B8EC}"
EndProject
Project("{FAE04EC0-301F-11D3-BF4B-00C04F79EFBC}") = "StringReversed", "StringReversed\StringReversed.csproj", "{8CCC937B-D987-4362-9BF7-8F67B2B79513}"
EndProject
Global
	GlobalSection(SolutionConfigurationPlatforms) = preSolution
		Debug|Any CPU = Debug|Any CPU
		Release|Any CPU = Release|Any CPU
	EndGlobalSection
	GlobalSection(ProjectConfigurationPlatforms) = postSolution
		{EF92611C-763D-432A-8FDC-559C39C6B680}.Debug|Any CPU.ActiveCfg = Debug|Any CPU
		{EF92611C-763D-432A-8FDC-559C39C6B680}.Debug|Any CPU.Build.0 = Debug|Any CPU
		{EF92611C-763D-432A-8FDC-559C39C6B680}.Release|Any CPU.ActiveCfg = Release|Any CPU
		{EF92611C-763D-432A-8FDC-559C39C6B680}.Release|Any CPU.Build.0 = Release|Any CPU
		{5A5A0D3E-1D5F-41C8-B60E-6E4CF72F5CE6}.Debug|Any CPU.ActiveCfg = Debug|Any CPU
		{5A5A0D3E-1D5F-41C8-B60E-6E4CF72F5CE6}.Debug|Any CPU.Build.0 = Debug|Any CPU
		{5A5A0D3E-1D5F-41C8-B60E-6E4CF72F5CE6}.Release|Any CPU.ActiveCfg = Release|Any CPU
		{5A5A0D3E-1D5F-41C8-B60E-6E4CF72F5CE6}.Release|Any CPU.Build.0 = Release|Any CPU
		{4F8769A5-ADFD-4DC0-9994-EB58B1ED59A5}.Debug|Any CPU.ActiveCfg = Debug|Any CPU
		{4F8769A5-ADFD-4DC0-9994-EB58B1ED59A5}.Debug|Any CPU.Build.0 = Debug|Any CPU
		{4F8769A5-ADFD-4DC0-9994-EB58B1ED59A5}.Release|Any CPU.ActiveCfg = Release|Any CPU
		{4F8769A5-ADFD-4DC0-9994-EB58B1ED59A5}.Release|Any CPU.Build.0 = Release|Any CPU
		{643CE985-CBCE-4401-82D3-B203BD52A175}.Debug|Any CPU.ActiveCfg = Debug|Any CPU
		{643CE985-CBCE-4401-82D3-B203BD52A175}.Debug|Any CPU.Build.0 = Debug|Any CPU
		{643CE985-CBCE-4401-82D3-B203BD52A175}.Release|Any CPU.ActiveCfg = Release|Any CPU
		{643CE985-CBCE-4401-82D3-B203BD52A175}.Release|Any CPU.Build.0 = Release|Any CPU
		{CA11DD6F-1AA4-4A59-992F-2D5BA368B8EC}.Debug|Any CPU.ActiveCfg = Debug|Any CPU
		{CA11DD6F-1AA4-4A59-992F-2D5BA368B8EC}.Debug|Any CPU.Build.0 = Debug|Any CPU
		{CA11DD6F-1AA4-4A59-992F-2D5BA368B8EC}.Release|Any CPU.ActiveCfg = Release|Any CPU
		{CA11DD6F-1AA4-4A59-992F-2D5BA368B8EC}.Release|Any CPU.Build.0 = Release|Any CPU
		{8CCC937B-D987-4362-9BF7-8F67B2B79513}.Debug|Any CPU.ActiveCfg = Debug|Any CPU
		{8CCC937B-D987-4362-9BF7-8F67B2B79513}.Debug|Any CPU.Build.0 = Debug|Any CPU
		{8CCC937B-D987-4362-9BF7-8F67B2B79513}.Release|Any CPU.ActiveCfg = Release|Any CPU
		{8CCC937B-D987-4362-9BF7-8F67B2B79513}.Release|Any CPU.Build.0 = Release|Any CPU
	EndGlobalSection
	GlobalSection(SolutionProperties) = preSolution
		HideSolutionNode = FALSE
	EndGlobalSection
	GlobalSection(ExtensibilityGlobals) = postSolution
		SolutionGuid = {97442B7E-A12B-45C0-A6B2-E8E3461B0421}
	EndGlobalSection
EndGlobal
